
Microsoft Visual Studio Solution File, Format Version 12.00
# Visual Studio Version 16
VisualStudioVersion = 16.0.31515.178
MinimumVisualStudioVersion = 10.0.40219.1
Project("{FAE04EC0-301F-11D3-BF4B-00C04F79EFBC}") = "Audio Player", "Audio Player\Audio Player.csproj", "{9CAFDE2E-6CB0-47A5-B03A-2B672209D186}"
EndProject
Global
	GlobalSection(SolutionConfigurationPlatforms) = preSolution
		Debug|Any CPU = Debug|Any CPU
		Release|Any CPU = Release|Any CPU
	EndGlobalSection
	GlobalSection(ProjectConfigurationPlatforms) = postSolution
		{9CAFDE2E-6CB0-47A5-B03A-2B672209D186}.Debug|Any CPU.ActiveCfg = Debug|Any CPU
		{9CAFDE2E-6CB0-47A5-B03A-2B672209D186}.Debug|Any CPU.Build.0 = Debug|Any CPU
		{9CAFDE2E-6CB0-47A5-B03A-2B672209D186}.Release|Any CPU.ActiveCfg = Release|Any CPU
		{9CAFDE2E-6CB0-47A5-B03A-2B672209D186}.Release|Any CPU.Build.0 = Release|Any CPU
	EndGlobalSection
	GlobalSection(SolutionProperties) = preSolution
		HideSolutionNode = FALSE
	EndGlobalSection
	GlobalSection(ExtensibilityGlobals) = postSolution
		SolutionGuid = {B0154617-DABE-4C7D-9E7E-42C19854DAEE}
	EndGlobalSection
EndGlobal
